// !$*UTF8*$!
{
	archiveVersion = 1;
	classes = {
	};
	objectVersion = 55;
	objects = {

/* Begin PBXBuildFile section */
		16136C3028B138CE00333D77 /* ProfileViewController.swift in Sources */ = {isa = PBXBuildFile; fileRef = 16136C2E28B138CE00333D77 /* ProfileViewController.swift */; };
		16136C3128B138CE00333D77 /* ProfileViewController.xib in Resources */ = {isa = PBXBuildFile; fileRef = 16136C2F28B138CE00333D77 /* ProfileViewController.xib */; };
		16136C3428B144EC00333D77 /* UIImageView+Ext.swift in Sources */ = {isa = PBXBuildFile; fileRef = 16136C3328B144EC00333D77 /* UIImageView+Ext.swift */; };
		1627345228B8FF5D00B8B911 /* UIActivityIndicatorView+Ext.swift in Sources */ = {isa = PBXBuildFile; fileRef = 1627345128B8FF5D00B8B911 /* UIActivityIndicatorView+Ext.swift */; };
		1658261B28A8E2CA00EC27AA /* AppDelegate.swift in Sources */ = {isa = PBXBuildFile; fileRef = 1658261A28A8E2CA00EC27AA /* AppDelegate.swift */; };
		1658261D28A8E2CA00EC27AA /* SceneDelegate.swift in Sources */ = {isa = PBXBuildFile; fileRef = 1658261C28A8E2CA00EC27AA /* SceneDelegate.swift */; };
		1658261F28A8E2CA00EC27AA /* SportViewController.swift in Sources */ = {isa = PBXBuildFile; fileRef = 1658261E28A8E2CA00EC27AA /* SportViewController.swift */; };
		1658262228A8E2CA00EC27AA /* Main.storyboard in Resources */ = {isa = PBXBuildFile; fileRef = 1658262028A8E2CA00EC27AA /* Main.storyboard */; };
		1658262428A8E2CB00EC27AA /* Assets.xcassets in Resources */ = {isa = PBXBuildFile; fileRef = 1658262328A8E2CB00EC27AA /* Assets.xcassets */; };
		1658262728A8E2CB00EC27AA /* LaunchScreen.storyboard in Resources */ = {isa = PBXBuildFile; fileRef = 1658262528A8E2CB00EC27AA /* LaunchScreen.storyboard */; };
		1658263428A8F54C00EC27AA /* SportTableViewCell.swift in Sources */ = {isa = PBXBuildFile; fileRef = 1658263228A8F54C00EC27AA /* SportTableViewCell.swift */; };
		1658263528A8F54C00EC27AA /* SportTableViewCell.xib in Resources */ = {isa = PBXBuildFile; fileRef = 1658263328A8F54C00EC27AA /* SportTableViewCell.xib */; };
		16FEA34628ADCFC400D63BD8 /* Sport.swift in Sources */ = {isa = PBXBuildFile; fileRef = 16FEA34528ADCFC400D63BD8 /* Sport.swift */; };
		16FEA34828ADDB3B00D63BD8 /* ApiService.swift in Sources */ = {isa = PBXBuildFile; fileRef = 16FEA34728ADDB3B00D63BD8 /* ApiService.swift */; };
		16FEA35128AF098000D63BD8 /* DetailViewController.swift in Sources */ = {isa = PBXBuildFile; fileRef = 16FEA34F28AF098000D63BD8 /* DetailViewController.swift */; };
		16FEA35228AF098000D63BD8 /* DetailViewController.xib in Resources */ = {isa = PBXBuildFile; fileRef = 16FEA35028AF098000D63BD8 /* DetailViewController.xib */; };
/* End PBXBuildFile section */

/* Begin PBXFileReference section */
		16136C2E28B138CE00333D77 /* ProfileViewController.swift */ = {isa = PBXFileReference; lastKnownFileType = sourcecode.swift; path = ProfileViewController.swift; sourceTree = "<group>"; };
		16136C2F28B138CE00333D77 /* ProfileViewController.xib */ = {isa = PBXFileReference; lastKnownFileType = file.xib; path = ProfileViewController.xib; sourceTree = "<group>"; };
		16136C3328B144EC00333D77 /* UIImageView+Ext.swift */ = {isa = PBXFileReference; lastKnownFileType = sourcecode.swift; path = "UIImageView+Ext.swift"; sourceTree = "<group>"; };
		1627345128B8FF5D00B8B911 /* UIActivityIndicatorView+Ext.swift */ = {isa = PBXFileReference; lastKnownFileType = sourcecode.swift; path = "UIActivityIndicatorView+Ext.swift"; sourceTree = "<group>"; };
		1658261728A8E2CA00EC27AA /* Submission iOS Pemula.app */ = {isa = PBXFileReference; explicitFileType = wrapper.application; includeInIndex = 0; path = "Submission iOS Pemula.app"; sourceTree = BUILT_PRODUCTS_DIR; };
		1658261A28A8E2CA00EC27AA /* AppDelegate.swift */ = {isa = PBXFileReference; lastKnownFileType = sourcecode.swift; path = AppDelegate.swift; sourceTree = "<group>"; };
		1658261C28A8E2CA00EC27AA /* SceneDelegate.swift */ = {isa = PBXFileReference; lastKnownFileType = sourcecode.swift; path = SceneDelegate.swift; sourceTree = "<group>"; };
		1658261E28A8E2CA00EC27AA /* SportViewController.swift */ = {isa = PBXFileReference; lastKnownFileType = sourcecode.swift; path = SportViewController.swift; sourceTree = "<group>"; };
		1658262128A8E2CA00EC27AA /* Base */ = {isa = PBXFileReference; lastKnownFileType = file.storyboard; name = Base; path = Base.lproj/Main.storyboard; sourceTree = "<group>"; };
		1658262328A8E2CB00EC27AA /* Assets.xcassets */ = {isa = PBXFileReference; lastKnownFileType = folder.assetcatalog; path = Assets.xcassets; sourceTree = "<group>"; };
		1658262628A8E2CB00EC27AA /* Base */ = {isa = PBXFileReference; lastKnownFileType = file.storyboard; name = Base; path = Base.lproj/LaunchScreen.storyboard; sourceTree = "<group>"; };
		1658262828A8E2CB00EC27AA /* Info.plist */ = {isa = PBXFileReference; lastKnownFileType = text.plist.xml; path = Info.plist; sourceTree = "<group>"; };
		1658263228A8F54C00EC27AA /* SportTableViewCell.swift */ = {isa = PBXFileReference; lastKnownFileType = sourcecode.swift; path = SportTableViewCell.swift; sourceTree = "<group>"; };
		1658263328A8F54C00EC27AA /* SportTableViewCell.xib */ = {isa = PBXFileReference; lastKnownFileType = file.xib; path = SportTableViewCell.xib; sourceTree = "<group>"; };
		16FEA34528ADCFC400D63BD8 /* Sport.swift */ = {isa = PBXFileReference; lastKnownFileType = sourcecode.swift; path = Sport.swift; sourceTree = "<group>"; };
		16FEA34728ADDB3B00D63BD8 /* ApiService.swift */ = {isa = PBXFileReference; lastKnownFileType = sourcecode.swift; path = ApiService.swift; sourceTree = "<group>"; };
		16FEA34F28AF098000D63BD8 /* DetailViewController.swift */ = {isa = PBXFileReference; lastKnownFileType = sourcecode.swift; path = DetailViewController.swift; sourceTree = "<group>"; };
		16FEA35028AF098000D63BD8 /* DetailViewController.xib */ = {isa = PBXFileReference; lastKnownFileType = file.xib; path = DetailViewController.xib; sourceTree = "<group>"; };
/* End PBXFileReference section */

/* Begin PBXFrameworksBuildPhase section */
		1658261428A8E2CA00EC27AA /* Frameworks */ = {
			isa = PBXFrameworksBuildPhase;
			buildActionMask = 2147483647;
			files = (
			);
			runOnlyForDeploymentPostprocessing = 0;
		};
/* End PBXFrameworksBuildPhase section */

/* Begin PBXGroup section */
		16136C3228B144D700333D77 /* Utils */ = {
			isa = PBXGroup;
			children = (
				16136C3328B144EC00333D77 /* UIImageView+Ext.swift */,
				1627345128B8FF5D00B8B911 /* UIActivityIndicatorView+Ext.swift */,
			);
			path = Utils;
			sourceTree = "<group>";
		};
		1658260E28A8E2CA00EC27AA = {
			isa = PBXGroup;
			children = (
				1658261928A8E2CA00EC27AA /* Submission iOS Pemula */,
				1658261828A8E2CA00EC27AA /* Products */,
			);
			sourceTree = "<group>";
		};
		1658261828A8E2CA00EC27AA /* Products */ = {
			isa = PBXGroup;
			children = (
				1658261728A8E2CA00EC27AA /* Submission iOS Pemula.app */,
			);
			name = Products;
			sourceTree = "<group>";
		};
		1658261928A8E2CA00EC27AA /* Submission iOS Pemula */ = {
			isa = PBXGroup;
			children = (
				16136C3228B144D700333D77 /* Utils */,
				16FEA34E28AF08D100D63BD8 /* Networking */,
				1658262F28A8E31B00EC27AA /* Model */,
				1658263128A8E32300EC27AA /* View */,
				1658262E28A8E31000EC27AA /* Controller */,
				1658263028A8E31F00EC27AA /* Base */,
				1658262328A8E2CB00EC27AA /* Assets.xcassets */,
				1658262828A8E2CB00EC27AA /* Info.plist */,
			);
			path = "Submission iOS Pemula";
			sourceTree = "<group>";
		};
		1658262E28A8E31000EC27AA /* Controller */ = {
			isa = PBXGroup;
			children = (
				1658261E28A8E2CA00EC27AA /* SportViewController.swift */,
				16FEA34F28AF098000D63BD8 /* DetailViewController.swift */,
				1658263228A8F54C00EC27AA /* SportTableViewCell.swift */,
				16136C2E28B138CE00333D77 /* ProfileViewController.swift */,
			);
			path = Controller;
			sourceTree = "<group>";
		};
		1658262F28A8E31B00EC27AA /* Model */ = {
			isa = PBXGroup;
			children = (
				16FEA34528ADCFC400D63BD8 /* Sport.swift */,
			);
			path = Model;
			sourceTree = "<group>";
		};
		1658263028A8E31F00EC27AA /* Base */ = {
			isa = PBXGroup;
			children = (
				1658261A28A8E2CA00EC27AA /* AppDelegate.swift */,
				1658261C28A8E2CA00EC27AA /* SceneDelegate.swift */,
			);
			path = Base;
			sourceTree = "<group>";
		};
		1658263128A8E32300EC27AA /* View */ = {
			isa = PBXGroup;
			children = (
				1658262028A8E2CA00EC27AA /* Main.storyboard */,
				1658262528A8E2CB00EC27AA /* LaunchScreen.storyboard */,
				1658263328A8F54C00EC27AA /* SportTableViewCell.xib */,
				16FEA35028AF098000D63BD8 /* DetailViewController.xib */,
				16136C2F28B138CE00333D77 /* ProfileViewController.xib */,
			);
			path = View;
			sourceTree = "<group>";
		};
		16FEA34E28AF08D100D63BD8 /* Networking */ = {
			isa = PBXGroup;
			children = (
				16FEA34728ADDB3B00D63BD8 /* ApiService.swift */,
			);
			path = Networking;
			sourceTree = "<group>";
		};
/* End PBXGroup section */

/* Begin PBXNativeTarget section */
		1658261628A8E2CA00EC27AA /* Submission iOS Pemula */ = {
			isa = PBXNativeTarget;
			buildConfigurationList = 1658262B28A8E2CB00EC27AA /* Build configuration list for PBXNativeTarget "Submission iOS Pemula" */;
			buildPhases = (
				1658261328A8E2CA00EC27AA /* Sources */,
				1658261428A8E2CA00EC27AA /* Frameworks */,
				1658261528A8E2CA00EC27AA /* Resources */,
			);
			buildRules = (
			);
			dependencies = (
			);
			name = "Submission iOS Pemula";
			productName = "Submission iOS Pemula";
			productReference = 1658261728A8E2CA00EC27AA /* Submission iOS Pemula.app */;
			productType = "com.apple.product-type.application";
		};
/* End PBXNativeTarget section */

/* Begin PBXProject section */
		1658260F28A8E2CA00EC27AA /* Project object */ = {
			isa = PBXProject;
			attributes = {
				BuildIndependentTargetsInParallel = 1;
				LastSwiftUpdateCheck = 1340;
				LastUpgradeCheck = 1340;
				TargetAttributes = {
					1658261628A8E2CA00EC27AA = {
						CreatedOnToolsVersion = 13.4.1;
					};
				};
			};
			buildConfigurationList = 1658261228A8E2CA00EC27AA /* Build configuration list for PBXProject "Submission iOS Pemula" */;
			compatibilityVersion = "Xcode 13.0";
			developmentRegion = en;
			hasScannedForEncodings = 0;
			knownRegions = (
				en,
				Base,
			);
			mainGroup = 1658260E28A8E2CA00EC27AA;
			productRefGroup = 1658261828A8E2CA00EC27AA /* Products */;
			projectDirPath = "";
			projectRoot = "";
			targets = (
				1658261628A8E2CA00EC27AA /* Submission iOS Pemula */,
			);
		};
/* End PBXProject section */

/* Begin PBXResourcesBuildPhase section */
		1658261528A8E2CA00EC27AA /* Resources */ = {
			isa = PBXResourcesBuildPhase;
			buildActionMask = 2147483647;
			files = (
				16136C3128B138CE00333D77 /* ProfileViewController.xib in Resources */,
				1658262728A8E2CB00EC27AA /* LaunchScreen.storyboard in Resources */,
				1658262428A8E2CB00EC27AA /* Assets.xcassets in Resources */,
				16FEA35228AF098000D63BD8 /* DetailViewController.xib in Resources */,
				1658263528A8F54C00EC27AA /* SportTableViewCell.xib in Resources */,
				1658262228A8E2CA00EC27AA /* Main.storyboard in Resources */,
			);
			runOnlyForDeploymentPostprocessing = 0;
		};
/* End PBXResourcesBuildPhase section */

/* Begin PBXSourcesBuildPhase section */
		1658261328A8E2CA00EC27AA /* Sources */ = {
			isa = PBXSourcesBuildPhase;
			buildActionMask = 2147483647;
			files = (
				16FEA34628ADCFC400D63BD8 /* Sport.swift in Sources */,
				1658261F28A8E2CA00EC27AA /* SportViewController.swift in Sources */,
				16FEA34828ADDB3B00D63BD8 /* ApiService.swift in Sources */,
				1627345228B8FF5D00B8B911 /* UIActivityIndicatorView+Ext.swift in Sources */,
				16136C3428B144EC00333D77 /* UIImageView+Ext.swift in Sources */,
				1658261B28A8E2CA00EC27AA /* AppDelegate.swift in Sources */,
				1658263428A8F54C00EC27AA /* SportTableViewCell.swift in Sources */,
				1658261D28A8E2CA00EC27AA /* SceneDelegate.swift in Sources */,
				16136C3028B138CE00333D77 /* ProfileViewController.swift in Sources */,
				16FEA35128AF098000D63BD8 /* DetailViewController.swift in Sources */,
			);
			runOnlyForDeploymentPostprocessing = 0;
		};
/* End PBXSourcesBuildPhase section */

/* Begin PBXVariantGroup section */
		1658262028A8E2CA00EC27AA /* Main.storyboard */ = {
			isa = PBXVariantGroup;
			children = (
				1658262128A8E2CA00EC27AA /* Base */,
			);
			name = Main.storyboard;
			sourceTree = "<group>";
		};
		1658262528A8E2CB00EC27AA /* LaunchScreen.storyboard */ = {
			isa = PBXVariantGroup;
			children = (
				1658262628A8E2CB00EC27AA /* Base */,
			);
			name = LaunchScreen.storyboard;
			sourceTree = "<group>";
		};
/* End PBXVariantGroup section */

/* Begin XCBuildConfiguration section */
		1658262928A8E2CB00EC27AA /* Debug */ = {
			isa = XCBuildConfiguration;
			buildSettings = {
				ALWAYS_SEARCH_USER_PATHS = NO;
				CLANG_ANALYZER_NONNULL = YES;
				CLANG_ANALYZER_NUMBER_OBJECT_CONVERSION = YES_AGGRESSIVE;
				CLANG_CXX_LANGUAGE_STANDARD = "gnu++17";
				CLANG_ENABLE_MODULES = YES;
				CLANG_ENABLE_OBJC_ARC = YES;
				CLANG_ENABLE_OBJC_WEAK = YES;
				CLANG_WARN_BLOCK_CAPTURE_AUTORELEASING = YES;
				CLANG_WARN_BOOL_CONVERSION = YES;
				CLANG_WARN_COMMA = YES;
				CLANG_WARN_CONSTANT_CONVERSION = YES;
				CLANG_WARN_DEPRECATED_OBJC_IMPLEMENTATIONS = YES;
				CLANG_WARN_DIRECT_OBJC_ISA_USAGE = YES_ERROR;
				CLANG_WARN_DOCUMENTATION_COMMENTS = YES;
				CLANG_WARN_EMPTY_BODY = YES;
				CLANG_WARN_ENUM_CONVERSION = YES;
				CLANG_WARN_INFINITE_RECURSION = YES;
				CLANG_WARN_INT_CONVERSION = YES;
				CLANG_WARN_NON_LITERAL_NULL_CONVERSION = YES;
				CLANG_WARN_OBJC_IMPLICIT_RETAIN_SELF = YES;
				CLANG_WARN_OBJC_LITERAL_CONVERSION = YES;
				CLANG_WARN_OBJC_ROOT_CLASS = YES_ERROR;
				CLANG_WARN_QUOTED_INCLUDE_IN_FRAMEWORK_HEADER = YES;
				CLANG_WARN_RANGE_LOOP_ANALYSIS = YES;
				CLANG_WARN_STRICT_PROTOTYPES = YES;
				CLANG_WARN_SUSPICIOUS_MOVE = YES;
				CLANG_WARN_UNGUARDED_AVAILABILITY = YES_AGGRESSIVE;
				CLANG_WARN_UNREACHABLE_CODE = YES;
				CLANG_WARN__DUPLICATE_METHOD_MATCH = YES;
				COPY_PHASE_STRIP = NO;
				DEBUG_INFORMATION_FORMAT = dwarf;
				ENABLE_STRICT_OBJC_MSGSEND = YES;
				ENABLE_TESTABILITY = YES;
				GCC_C_LANGUAGE_STANDARD = gnu11;
				GCC_DYNAMIC_NO_PIC = NO;
				GCC_NO_COMMON_BLOCKS = YES;
				GCC_OPTIMIZATION_LEVEL = 0;
				GCC_PREPROCESSOR_DEFINITIONS = (
					"DEBUG=1",
					"$(inherited)",
				);
				GCC_WARN_64_TO_32_BIT_CONVERSION = YES;
				GCC_WARN_ABOUT_RETURN_TYPE = YES_ERROR;
				GCC_WARN_UNDECLARED_SELECTOR = YES;
				GCC_WARN_UNINITIALIZED_AUTOS = YES_AGGRESSIVE;
				GCC_WARN_UNUSED_FUNCTION = YES;
				GCC_WARN_UNUSED_VARIABLE = YES;
				IPHONEOS_DEPLOYMENT_TARGET = 15.5;
				MTL_ENABLE_DEBUG_INFO = INCLUDE_SOURCE;
				MTL_FAST_MATH = YES;
				ONLY_ACTIVE_ARCH = YES;
				SDKROOT = iphoneos;
				SWIFT_ACTIVE_COMPILATION_CONDITIONS = DEBUG;
				SWIFT_OPTIMIZATION_LEVEL = "-Onone";
			};
			name = Debug;
		};
		1658262A28A8E2CB00EC27AA /* Release */ = {
			isa = XCBuildConfiguration;
			buildSettings = {
				ALWAYS_SEARCH_USER_PATHS = NO;
				CLANG_ANALYZER_NONNULL = YES;
				CLANG_ANALYZER_NUMBER_OBJECT_CONVERSION = YES_AGGRESSIVE;
				CLANG_CXX_LANGUAGE_STANDARD = "gnu++17";
				CLANG_ENABLE_MODULES = YES;
				CLANG_ENABLE_OBJC_ARC = YES;
				CLANG_ENABLE_OBJC_WEAK = YES;
				CLANG_WARN_BLOCK_CAPTURE_AUTORELEASING = YES;
				CLANG_WARN_BOOL_CONVERSION = YES;
				CLANG_WARN_COMMA = YES;
				CLANG_WARN_CONSTANT_CONVERSION = YES;
				CLANG_WARN_DEPRECATED_OBJC_IMPLEMENTATIONS = YES;
				CLANG_WARN_DIRECT_OBJC_ISA_USAGE = YES_ERROR;
				CLANG_WARN_DOCUMENTATION_COMMENTS = YES;
				CLANG_WARN_EMPTY_BODY = YES;
				CLANG_WARN_ENUM_CONVERSION = YES;
				CLANG_WARN_INFINITE_RECURSION = YES;
				CLANG_WARN_INT_CONVERSION = YES;
				CLANG_WARN_NON_LITERAL_NULL_CONVERSION = YES;
				CLANG_WARN_OBJC_IMPLICIT_RETAIN_SELF = YES;
				CLANG_WARN_OBJC_LITERAL_CONVERSION = YES;
				CLANG_WARN_OBJC_ROOT_CLASS = YES_ERROR;
				CLANG_WARN_QUOTED_INCLUDE_IN_FRAMEWORK_HEADER = YES;
				CLANG_WARN_RANGE_LOOP_ANALYSIS = YES;
				CLANG_WARN_STRICT_PROTOTYPES = YES;
				CLANG_WARN_SUSPICIOUS_MOVE = YES;
				CLANG_WARN_UNGUARDED_AVAILABILITY = YES_AGGRESSIVE;
				CLANG_WARN_UNREACHABLE_CODE = YES;
				CLANG_WARN__DUPLICATE_METHOD_MATCH = YES;
				COPY_PHASE_STRIP = NO;
				DEBUG_INFORMATION_FORMAT = "dwarf-with-dsym";
				ENABLE_NS_ASSERTIONS = NO;
				ENABLE_STRICT_OBJC_MSGSEND = YES;
				GCC_C_LANGUAGE_STANDARD = gnu11;
				GCC_NO_COMMON_BLOCKS = YES;
				GCC_WARN_64_TO_32_BIT_CONVERSION = YES;
				GCC_WARN_ABOUT_RETURN_TYPE = YES_ERROR;
				GCC_WARN_UNDECLARED_SELECTOR = YES;
				GCC_WARN_UNINITIALIZED_AUTOS = YES_AGGRESSIVE;
				GCC_WARN_UNUSED_FUNCTION = YES;
				GCC_WARN_UNUSED_VARIABLE = YES;
				IPHONEOS_DEPLOYMENT_TARGET = 15.5;
				MTL_ENABLE_DEBUG_INFO = NO;
				MTL_FAST_MATH = YES;
				SDKROOT = iphoneos;
				SWIFT_COMPILATION_MODE = wholemodule;
				SWIFT_OPTIMIZATION_LEVEL = "-O";
				VALIDATE_PRODUCT = YES;
			};
			name = Release;
		};
		1658262C28A8E2CB00EC27AA /* Debug */ = {
			isa = XCBuildConfiguration;
			buildSettings = {
				ASSETCATALOG_COMPILER_APPICON_NAME = AppIcon;
				ASSETCATALOG_COMPILER_GLOBAL_ACCENT_COLOR_NAME = AccentColor;
				CODE_SIGN_STYLE = Automatic;
				CURRENT_PROJECT_VERSION = 1;
				DEVELOPMENT_TEAM = KVFMXTTSFG;
				GENERATE_INFOPLIST_FILE = YES;
				INFOPLIST_FILE = "Submission iOS Pemula/Info.plist";
				INFOPLIST_KEY_UIApplicationSupportsIndirectInputEvents = YES;
				INFOPLIST_KEY_UILaunchStoryboardName = LaunchScreen;
				INFOPLIST_KEY_UIMainStoryboardFile = Main;
				INFOPLIST_KEY_UISupportedInterfaceOrientations = "";
				INFOPLIST_KEY_UISupportedInterfaceOrientations_iPad = "UIInterfaceOrientationPortrait UIInterfaceOrientationPortraitUpsideDown UIInterfaceOrientationLandscapeLeft UIInterfaceOrientationLandscapeRight";
				INFOPLIST_KEY_UISupportedInterfaceOrientations_iPhone = "UIInterfaceOrientationPortrait UIInterfaceOrientationLandscapeLeft UIInterfaceOrientationLandscapeRight";
				LD_RUNPATH_SEARCH_PATHS = (
					"$(inherited)",
					"@executable_path/Frameworks",
				);
				MARKETING_VERSION = 1.0;
				PRODUCT_BUNDLE_IDENTIFIER = "com.tbadhit.Submission-iOS-Pemula";
				PRODUCT_NAME = "$(TARGET_NAME)";
				SWIFT_EMIT_LOC_STRINGS = YES;
				SWIFT_VERSION = 5.0;
				TARGETED_DEVICE_FAMILY = "1,2";
			};
			name = Debug;
		};
		1658262D28A8E2CB00EC27AA /* Release */ = {
			isa = XCBuildConfiguration;
			buildSettings = {
				ASSETCATALOG_COMPILER_APPICON_NAME = AppIcon;
				ASSETCATALOG_COMPILER_GLOBAL_ACCENT_COLOR_NAME = AccentColor;
				CODE_SIGN_STYLE = Automatic;
				CURRENT_PROJECT_VERSION = 1;
				DEVELOPMENT_TEAM = KVFMXTTSFG;
				GENERATE_INFOPLIST_FILE = YES;
				INFOPLIST_FILE = "Submission iOS Pemula/Info.plist";
				INFOPLIST_KEY_UIApplicationSupportsIndirectInputEvents = YES;
				INFOPLIST_KEY_UILaunchStoryboardName = LaunchScreen;
				INFOPLIST_KEY_UIMainStoryboardFile = Main;
				INFOPLIST_KEY_UISupportedInterfaceOrientations = "";
				INFOPLIST_KEY_UISupportedInterfaceOrientations_iPad = "UIInterfaceOrientationPortrait UIInterfaceOrientationPortraitUpsideDown UIInterfaceOrientationLandscapeLeft UIInterfaceOrientationLandscapeRight";
				INFOPLIST_KEY_UISupportedInterfaceOrientations_iPhone = "UIInterfaceOrientationPortrait UIInterfaceOrientationLandscapeLeft UIInterfaceOrientationLandscapeRight";
				LD_RUNPATH_SEARCH_PATHS = (
					"$(inherited)",
					"@executable_path/Frameworks",
				);
				MARKETING_VERSION = 1.0;
				PRODUCT_BUNDLE_IDENTIFIER = "com.tbadhit.Submission-iOS-Pemula";
				PRODUCT_NAME = "$(TARGET_NAME)";
				SWIFT_EMIT_LOC_STRINGS = YES;
				SWIFT_VERSION = 5.0;
				TARGETED_DEVICE_FAMILY = "1,2";
			};
			name = Release;
		};
/* End XCBuildConfiguration section */

/* Begin XCConfigurationList section */
		1658261228A8E2CA00EC27AA /* Build configuration list for PBXProject "Submission iOS Pemula" */ = {
			isa = XCConfigurationList;
			buildConfigurations = (
				1658262928A8E2CB00EC27AA /* Debug */,
				1658262A28A8E2CB00EC27AA /* Release */,
			);
			defaultConfigurationIsVisible = 0;
			defaultConfigurationName = Release;
		};
		1658262B28A8E2CB00EC27AA /* Build configuration list for PBXNativeTarget "Submission iOS Pemula" */ = {
			isa = XCConfigurationList;
			buildConfigurations = (
				1658262C28A8E2CB00EC27AA /* Debug */,
				1658262D28A8E2CB00EC27AA /* Release */,
			);
			defaultConfigurationIsVisible = 0;
			defaultConfigurationName = Release;
		};
/* End XCConfigurationList section */
	};
	rootObject = 1658260F28A8E2CA00EC27AA /* Project object */;
}
